// !$*UTF8*$!
{
	archiveVersion = 1;
	classes = {
	};
	objectVersion = 46;
	objects = {

/* Begin PBXBuildFile section */
		185119BB1D3D02EB00D7D210 /* NKArrayType.swift in Sources */ = {isa = PBXBuildFile; fileRef = 185119BA1D3D02EB00D7D210 /* NKArrayType.swift */; };
		18D0ADAF1D20D3DC005C76E0 /* NAlamofire.h in Headers */ = {isa = PBXBuildFile; fileRef = 18D0ADAE1D20D3DC005C76E0 /* NAlamofire.h */; settings = {ATTRIBUTES = (Public, ); }; };
		18D0ADB61D20D3DC005C76E0 /* NAlamofire.framework in Frameworks */ = {isa = PBXBuildFile; fileRef = 18D0ADAB1D20D3DC005C76E0 /* NAlamofire.framework */; };
		18D0ADBB1D20D3DC005C76E0 /* NAlamofireTests.swift in Sources */ = {isa = PBXBuildFile; fileRef = 18D0ADBA1D20D3DC005C76E0 /* NAlamofireTests.swift */; };
		18D0ADC81D20E1D5005C76E0 /* Alamofire.framework in Frameworks */ = {isa = PBXBuildFile; fileRef = 18D0ADC51D20E1D5005C76E0 /* Alamofire.framework */; };
		18D0ADC91D20E1D5005C76E0 /* NRxSwift.framework in Frameworks */ = {isa = PBXBuildFile; fileRef = 18D0ADC61D20E1D5005C76E0 /* NRxSwift.framework */; };
		18D0ADCA1D20E1D5005C76E0 /* RxSwift.framework in Frameworks */ = {isa = PBXBuildFile; fileRef = 18D0ADC71D20E1D5005C76E0 /* RxSwift.framework */; };
		18D0ADCC1D20E260005C76E0 /* NKApiClient.swift in Sources */ = {isa = PBXBuildFile; fileRef = 18D0ADCB1D20E260005C76E0 /* NKApiClient.swift */; };
		18D0ADCE1D20E96A005C76E0 /* NKNetworkErrorType.swift in Sources */ = {isa = PBXBuildFile; fileRef = 18D0ADCD1D20E96A005C76E0 /* NKNetworkErrorType.swift */; };
		18D0ADD01D20F93D005C76E0 /* JSONWrapper.swift in Sources */ = {isa = PBXBuildFile; fileRef = 18D0ADCF1D20F93D005C76E0 /* JSONWrapper.swift */; };
		18D0ADD41D211034005C76E0 /* NAlamofireUtils.swift in Sources */ = {isa = PBXBuildFile; fileRef = 18D0ADD31D211034005C76E0 /* NAlamofireUtils.swift */; };
		18D0ADD61D211B0A005C76E0 /* NKObservable+NAlamofire.swift in Sources */ = {isa = PBXBuildFile; fileRef = 18D0ADD51D211B0A005C76E0 /* NKObservable+NAlamofire.swift */; };
		18D0ADD81D2129C4005C76E0 /* JSON+NAlamofire.swift in Sources */ = {isa = PBXBuildFile; fileRef = 18D0ADD71D2129C4005C76E0 /* JSON+NAlamofire.swift */; };
		18D0ADDE1D21806A005C76E0 /* NLog.framework in Frameworks */ = {isa = PBXBuildFile; fileRef = 18D0ADDA1D21806A005C76E0 /* NLog.framework */; };
		18D0ADDF1D21806A005C76E0 /* Realm.framework in Frameworks */ = {isa = PBXBuildFile; fileRef = 18D0ADDB1D21806A005C76E0 /* Realm.framework */; };
		18D0ADE01D21806A005C76E0 /* RealmSwift.framework in Frameworks */ = {isa = PBXBuildFile; fileRef = 18D0ADDC1D21806A005C76E0 /* RealmSwift.framework */; };
		18D0ADE21D223068005C76E0 /* NKMappable.swift in Sources */ = {isa = PBXBuildFile; fileRef = 18D0ADE11D223068005C76E0 /* NKMappable.swift */; };
/* End PBXBuildFile section */

/* Begin PBXContainerItemProxy section */
		18D0ADB71D20D3DC005C76E0 /* PBXContainerItemProxy */ = {
			isa = PBXContainerItemProxy;
			containerPortal = 18D0ADA21D20D3DC005C76E0 /* Project object */;
			proxyType = 1;
			remoteGlobalIDString = 18D0ADAA1D20D3DC005C76E0;
			remoteInfo = NAlamofire;
		};
/* End PBXContainerItemProxy section */

/* Begin PBXFileReference section */
		185119BA1D3D02EB00D7D210 /* NKArrayType.swift */ = {isa = PBXFileReference; fileEncoding = 4; lastKnownFileType = sourcecode.swift; path = NKArrayType.swift; sourceTree = "<group>"; };
		18D0ADAB1D20D3DC005C76E0 /* NAlamofire.framework */ = {isa = PBXFileReference; explicitFileType = wrapper.framework; includeInIndex = 0; path = NAlamofire.framework; sourceTree = BUILT_PRODUCTS_DIR; };
		18D0ADAE1D20D3DC005C76E0 /* NAlamofire.h */ = {isa = PBXFileReference; lastKnownFileType = sourcecode.c.h; path = NAlamofire.h; sourceTree = "<group>"; };
		18D0ADB01D20D3DC005C76E0 /* Info.plist */ = {isa = PBXFileReference; lastKnownFileType = text.plist.xml; path = Info.plist; sourceTree = "<group>"; };
		18D0ADB51D20D3DC005C76E0 /* NAlamofireTests.xctest */ = {isa = PBXFileReference; explicitFileType = wrapper.cfbundle; includeInIndex = 0; path = NAlamofireTests.xctest; sourceTree = BUILT_PRODUCTS_DIR; };
		18D0ADBA1D20D3DC005C76E0 /* NAlamofireTests.swift */ = {isa = PBXFileReference; lastKnownFileType = sourcecode.swift; path = NAlamofireTests.swift; sourceTree = "<group>"; };
		18D0ADBC1D20D3DC005C76E0 /* Info.plist */ = {isa = PBXFileReference; lastKnownFileType = text.plist.xml; path = Info.plist; sourceTree = "<group>"; };
		18D0ADC51D20E1D5005C76E0 /* Alamofire.framework */ = {isa = PBXFileReference; lastKnownFileType = wrapper.framework; name = Alamofire.framework; path = ../Carthage/Build/iOS/Alamofire.framework; sourceTree = "<group>"; };
		18D0ADC61D20E1D5005C76E0 /* NRxSwift.framework */ = {isa = PBXFileReference; lastKnownFileType = wrapper.framework; name = NRxSwift.framework; path = ../Carthage/Build/iOS/NRxSwift.framework; sourceTree = "<group>"; };
		18D0ADC71D20E1D5005C76E0 /* RxSwift.framework */ = {isa = PBXFileReference; lastKnownFileType = wrapper.framework; name = RxSwift.framework; path = ../Carthage/Build/iOS/RxSwift.framework; sourceTree = "<group>"; };
		18D0ADCB1D20E260005C76E0 /* NKApiClient.swift */ = {isa = PBXFileReference; fileEncoding = 4; lastKnownFileType = sourcecode.swift; path = NKApiClient.swift; sourceTree = "<group>"; };
		18D0ADCD1D20E96A005C76E0 /* NKNetworkErrorType.swift */ = {isa = PBXFileReference; fileEncoding = 4; lastKnownFileType = sourcecode.swift; path = NKNetworkErrorType.swift; sourceTree = "<group>"; };
		18D0ADCF1D20F93D005C76E0 /* JSONWrapper.swift */ = {isa = PBXFileReference; fileEncoding = 4; lastKnownFileType = sourcecode.swift; path = JSONWrapper.swift; sourceTree = "<group>"; };
		18D0ADD31D211034005C76E0 /* NAlamofireUtils.swift */ = {isa = PBXFileReference; fileEncoding = 4; lastKnownFileType = sourcecode.swift; path = NAlamofireUtils.swift; sourceTree = "<group>"; };
		18D0ADD51D211B0A005C76E0 /* NKObservable+NAlamofire.swift */ = {isa = PBXFileReference; fileEncoding = 4; lastKnownFileType = sourcecode.swift; path = "NKObservable+NAlamofire.swift"; sourceTree = "<group>"; };
		18D0ADD71D2129C4005C76E0 /* JSON+NAlamofire.swift */ = {isa = PBXFileReference; fileEncoding = 4; lastKnownFileType = sourcecode.swift; path = "JSON+NAlamofire.swift"; sourceTree = "<group>"; };
		18D0ADD91D21806A005C76E0 /* 1F924F8A-3BAC-33C5-8538-BDD984DFCAAB.bcsymbolmap */ = {isa = PBXFileReference; lastKnownFileType = text; name = "1F924F8A-3BAC-33C5-8538-BDD984DFCAAB.bcsymbolmap"; path = "../Carthage/Build/iOS/1F924F8A-3BAC-33C5-8538-BDD984DFCAAB.bcsymbolmap"; sourceTree = "<group>"; };
		18D0ADDA1D21806A005C76E0 /* NLog.framework */ = {isa = PBXFileReference; lastKnownFileType = wrapper.framework; name = NLog.framework; path = ../Carthage/Build/iOS/NLog.framework; sourceTree = "<group>"; };
		18D0ADDB1D21806A005C76E0 /* Realm.framework */ = {isa = PBXFileReference; lastKnownFileType = wrapper.framework; name = Realm.framework; path = ../Carthage/Build/iOS/Realm.framework; sourceTree = "<group>"; };
		18D0ADDC1D21806A005C76E0 /* RealmSwift.framework */ = {isa = PBXFileReference; lastKnownFileType = wrapper.framework; name = RealmSwift.framework; path = ../Carthage/Build/iOS/RealmSwift.framework; sourceTree = "<group>"; };
		18D0ADE11D223068005C76E0 /* NKMappable.swift */ = {isa = PBXFileReference; fileEncoding = 4; lastKnownFileType = sourcecode.swift; path = NKMappable.swift; sourceTree = "<group>"; };
/* End PBXFileReference section */

/* Begin PBXFrameworksBuildPhase section */
		18D0ADA71D20D3DC005C76E0 /* Frameworks */ = {
			isa = PBXFrameworksBuildPhase;
			buildActionMask = 2147483647;
			files = (
				18D0ADDE1D21806A005C76E0 /* NLog.framework in Frameworks */,
				18D0ADDF1D21806A005C76E0 /* Realm.framework in Frameworks */,
				18D0ADE01D21806A005C76E0 /* RealmSwift.framework in Frameworks */,
				18D0ADC81D20E1D5005C76E0 /* Alamofire.framework in Frameworks */,
				18D0ADC91D20E1D5005C76E0 /* NRxSwift.framework in Frameworks */,
				18D0ADCA1D20E1D5005C76E0 /* RxSwift.framework in Frameworks */,
			);
			runOnlyForDeploymentPostprocessing = 0;
		};
		18D0ADB21D20D3DC005C76E0 /* Frameworks */ = {
			isa = PBXFrameworksBuildPhase;
			buildActionMask = 2147483647;
			files = (
				18D0ADB61D20D3DC005C76E0 /* NAlamofire.framework in Frameworks */,
			);
			runOnlyForDeploymentPostprocessing = 0;
		};
/* End PBXFrameworksBuildPhase section */

/* Begin PBXGroup section */
		18D0ADA11D20D3DC005C76E0 = {
			isa = PBXGroup;
			children = (
				18D0ADD91D21806A005C76E0 /* 1F924F8A-3BAC-33C5-8538-BDD984DFCAAB.bcsymbolmap */,
				18D0ADDA1D21806A005C76E0 /* NLog.framework */,
				18D0ADDB1D21806A005C76E0 /* Realm.framework */,
				18D0ADDC1D21806A005C76E0 /* RealmSwift.framework */,
				18D0ADC51D20E1D5005C76E0 /* Alamofire.framework */,
				18D0ADC61D20E1D5005C76E0 /* NRxSwift.framework */,
				18D0ADC71D20E1D5005C76E0 /* RxSwift.framework */,
				18D0ADAD1D20D3DC005C76E0 /* NAlamofire */,
				18D0ADB91D20D3DC005C76E0 /* NAlamofireTests */,
				18D0ADAC1D20D3DC005C76E0 /* Products */,
			);
			sourceTree = "<group>";
		};
		18D0ADAC1D20D3DC005C76E0 /* Products */ = {
			isa = PBXGroup;
			children = (
				18D0ADAB1D20D3DC005C76E0 /* NAlamofire.framework */,
				18D0ADB51D20D3DC005C76E0 /* NAlamofireTests.xctest */,
			);
			name = Products;
			sourceTree = "<group>";
		};
		18D0ADAD1D20D3DC005C76E0 /* NAlamofire */ = {
			isa = PBXGroup;
			children = (
				18D0ADAE1D20D3DC005C76E0 /* NAlamofire.h */,
				18D0ADB01D20D3DC005C76E0 /* Info.plist */,
				18D0ADCB1D20E260005C76E0 /* NKApiClient.swift */,
				18D0ADCD1D20E96A005C76E0 /* NKNetworkErrorType.swift */,
				18D0ADCF1D20F93D005C76E0 /* JSONWrapper.swift */,
				18D0ADD31D211034005C76E0 /* NAlamofireUtils.swift */,
				18D0ADD51D211B0A005C76E0 /* NKObservable+NAlamofire.swift */,
				18D0ADD71D2129C4005C76E0 /* JSON+NAlamofire.swift */,
				18D0ADE11D223068005C76E0 /* NKMappable.swift */,
				185119BA1D3D02EB00D7D210 /* NKArrayType.swift */,
			);
			path = NAlamofire;
			sourceTree = "<group>";
		};
		18D0ADB91D20D3DC005C76E0 /* NAlamofireTests */ = {
			isa = PBXGroup;
			children = (
				18D0ADBA1D20D3DC005C76E0 /* NAlamofireTests.swift */,
				18D0ADBC1D20D3DC005C76E0 /* Info.plist */,
			);
			path = NAlamofireTests;
			sourceTree = "<group>";
		};
/* End PBXGroup section */

/* Begin PBXHeadersBuildPhase section */
		18D0ADA81D20D3DC005C76E0 /* Headers */ = {
			isa = PBXHeadersBuildPhase;
			buildActionMask = 2147483647;
			files = (
				18D0ADAF1D20D3DC005C76E0 /* NAlamofire.h in Headers */,
			);
			runOnlyForDeploymentPostprocessing = 0;
		};
/* End PBXHeadersBuildPhase section */

/* Begin PBXNativeTarget section */
		18D0ADAA1D20D3DC005C76E0 /* NAlamofire */ = {
			isa = PBXNativeTarget;
			buildConfigurationList = 18D0ADBF1D20D3DC005C76E0 /* Build configuration list for PBXNativeTarget "NAlamofire" */;
			buildPhases = (
				18D0ADA61D20D3DC005C76E0 /* Sources */,
				18D0ADA71D20D3DC005C76E0 /* Frameworks */,
				18D0ADA81D20D3DC005C76E0 /* Headers */,
				18D0ADA91D20D3DC005C76E0 /* Resources */,
			);
			buildRules = (
			);
			dependencies = (
			);
			name = NAlamofire;
			productName = NAlamofire;
			productReference = 18D0ADAB1D20D3DC005C76E0 /* NAlamofire.framework */;
			productType = "com.apple.product-type.framework";
		};
		18D0ADB41D20D3DC005C76E0 /* NAlamofireTests */ = {
			isa = PBXNativeTarget;
			buildConfigurationList = 18D0ADC21D20D3DC005C76E0 /* Build configuration list for PBXNativeTarget "NAlamofireTests" */;
			buildPhases = (
				18D0ADB11D20D3DC005C76E0 /* Sources */,
				18D0ADB21D20D3DC005C76E0 /* Frameworks */,
				18D0ADB31D20D3DC005C76E0 /* Resources */,
			);
			buildRules = (
			);
			dependencies = (
				18D0ADB81D20D3DC005C76E0 /* PBXTargetDependency */,
			);
			name = NAlamofireTests;
			productName = NAlamofireTests;
			productReference = 18D0ADB51D20D3DC005C76E0 /* NAlamofireTests.xctest */;
			productType = "com.apple.product-type.bundle.unit-test";
		};
/* End PBXNativeTarget section */

/* Begin PBXProject section */
		18D0ADA21D20D3DC005C76E0 /* Project object */ = {
			isa = PBXProject;
			attributes = {
				LastSwiftUpdateCheck = 0730;
				LastUpgradeCheck = 0730;
				ORGANIZATIONNAME = "Nghia Nguyen";
				TargetAttributes = {
					18D0ADAA1D20D3DC005C76E0 = {
						CreatedOnToolsVersion = 7.3.1;
					};
					18D0ADB41D20D3DC005C76E0 = {
						CreatedOnToolsVersion = 7.3.1;
					};
				};
			};
			buildConfigurationList = 18D0ADA51D20D3DC005C76E0 /* Build configuration list for PBXProject "NAlamofire" */;
			compatibilityVersion = "Xcode 3.2";
			developmentRegion = English;
			hasScannedForEncodings = 0;
			knownRegions = (
				en,
			);
			mainGroup = 18D0ADA11D20D3DC005C76E0;
			productRefGroup = 18D0ADAC1D20D3DC005C76E0 /* Products */;
			projectDirPath = "";
			projectRoot = "";
			targets = (
				18D0ADAA1D20D3DC005C76E0 /* NAlamofire */,
				18D0ADB41D20D3DC005C76E0 /* NAlamofireTests */,
			);
		};
/* End PBXProject section */

/* Begin PBXResourcesBuildPhase section */
		18D0ADA91D20D3DC005C76E0 /* Resources */ = {
			isa = PBXResourcesBuildPhase;
			buildActionMask = 2147483647;
			files = (
			);
			runOnlyForDeploymentPostprocessing = 0;
		};
		18D0ADB31D20D3DC005C76E0 /* Resources */ = {
			isa = PBXResourcesBuildPhase;
			buildActionMask = 2147483647;
			files = (
			);
			runOnlyForDeploymentPostprocessing = 0;
		};
/* End PBXResourcesBuildPhase section */

/* Begin PBXSourcesBuildPhase section */
		18D0ADA61D20D3DC005C76E0 /* Sources */ = {
			isa = PBXSourcesBuildPhase;
			buildActionMask = 2147483647;
			files = (
				18D0ADE21D223068005C76E0 /* NKMappable.swift in Sources */,
				18D0ADD61D211B0A005C76E0 /* NKObservable+NAlamofire.swift in Sources */,
				18D0ADD81D2129C4005C76E0 /* JSON+NAlamofire.swift in Sources */,
				18D0ADCE1D20E96A005C76E0 /* NKNetworkErrorType.swift in Sources */,
				18D0ADD01D20F93D005C76E0 /* JSONWrapper.swift in Sources */,
				18D0ADCC1D20E260005C76E0 /* NKApiClient.swift in Sources */,
				185119BB1D3D02EB00D7D210 /* NKArrayType.swift in Sources */,
				18D0ADD41D211034005C76E0 /* NAlamofireUtils.swift in Sources */,
			);
			runOnlyForDeploymentPostprocessing = 0;
		};
		18D0ADB11D20D3DC005C76E0 /* Sources */ = {
			isa = PBXSourcesBuildPhase;
			buildActionMask = 2147483647;
			files = (
				18D0ADBB1D20D3DC005C76E0 /* NAlamofireTests.swift in Sources */,
			);
			runOnlyForDeploymentPostprocessing = 0;
		};
/* End PBXSourcesBuildPhase section */

/* Begin PBXTargetDependency section */
		18D0ADB81D20D3DC005C76E0 /* PBXTargetDependency */ = {
			isa = PBXTargetDependency;
			target = 18D0ADAA1D20D3DC005C76E0 /* NAlamofire */;
			targetProxy = 18D0ADB71D20D3DC005C76E0 /* PBXContainerItemProxy */;
		};
/* End PBXTargetDependency section */

/* Begin XCBuildConfiguration section */
		18D0ADBD1D20D3DC005C76E0 /* Debug */ = {
			isa = XCBuildConfiguration;
			buildSettings = {
				ALWAYS_SEARCH_USER_PATHS = NO;
				CLANG_ANALYZER_NONNULL = YES;
				CLANG_CXX_LANGUAGE_STANDARD = "gnu++0x";
				CLANG_CXX_LIBRARY = "libc++";
				CLANG_ENABLE_MODULES = YES;
				CLANG_ENABLE_OBJC_ARC = YES;
				CLANG_WARN_BOOL_CONVERSION = YES;
				CLANG_WARN_CONSTANT_CONVERSION = YES;
				CLANG_WARN_DIRECT_OBJC_ISA_USAGE = YES_ERROR;
				CLANG_WARN_EMPTY_BODY = YES;
				CLANG_WARN_ENUM_CONVERSION = YES;
				CLANG_WARN_INT_CONVERSION = YES;
				CLANG_WARN_OBJC_ROOT_CLASS = YES_ERROR;
				CLANG_WARN_UNREACHABLE_CODE = YES;
				CLANG_WARN__DUPLICATE_METHOD_MATCH = YES;
				"CODE_SIGN_IDENTITY[sdk=iphoneos*]" = "iPhone Developer";
				COPY_PHASE_STRIP = NO;
				CURRENT_PROJECT_VERSION = 1;
				DEBUG_INFORMATION_FORMAT = dwarf;
				ENABLE_STRICT_OBJC_MSGSEND = YES;
				ENABLE_TESTABILITY = YES;
				GCC_C_LANGUAGE_STANDARD = gnu99;
				GCC_DYNAMIC_NO_PIC = NO;
				GCC_NO_COMMON_BLOCKS = YES;
				GCC_OPTIMIZATION_LEVEL = 0;
				GCC_PREPROCESSOR_DEFINITIONS = (
					"DEBUG=1",
					"$(inherited)",
				);
				GCC_WARN_64_TO_32_BIT_CONVERSION = YES;
				GCC_WARN_ABOUT_RETURN_TYPE = YES_ERROR;
				GCC_WARN_UNDECLARED_SELECTOR = YES;
				GCC_WARN_UNINITIALIZED_AUTOS = YES_AGGRESSIVE;
				GCC_WARN_UNUSED_FUNCTION = YES;
				GCC_WARN_UNUSED_VARIABLE = YES;
				IPHONEOS_DEPLOYMENT_TARGET = 9.3;
				MTL_ENABLE_DEBUG_INFO = YES;
				ONLY_ACTIVE_ARCH = YES;
				SDKROOT = iphoneos;
				SWIFT_OPTIMIZATION_LEVEL = "-Onone";
				TARGETED_DEVICE_FAMILY = "1,2";
				VERSIONING_SYSTEM = "apple-generic";
				VERSION_INFO_PREFIX = "";
			};
			name = Debug;
		};
		18D0ADBE1D20D3DC005C76E0 /* Release */ = {
			isa = XCBuildConfiguration;
			buildSettings = {
				ALWAYS_SEARCH_USER_PATHS = NO;
				CLANG_ANALYZER_NONNULL = YES;
				CLANG_CXX_LANGUAGE_STANDARD = "gnu++0x";
				CLANG_CXX_LIBRARY = "libc++";
				CLANG_ENABLE_MODULES = YES;
				CLANG_ENABLE_OBJC_ARC = YES;
				CLANG_WARN_BOOL_CONVERSION = YES;
				CLANG_WARN_CONSTANT_CONVERSION = YES;
				CLANG_WARN_DIRECT_OBJC_ISA_USAGE = YES_ERROR;
				CLANG_WARN_EMPTY_BODY = YES;
				CLANG_WARN_ENUM_CONVERSION = YES;
				CLANG_WARN_INT_CONVERSION = YES;
				CLANG_WARN_OBJC_ROOT_CLASS = YES_ERROR;
				CLANG_WARN_UNREACHABLE_CODE = YES;
				CLANG_WARN__DUPLICATE_METHOD_MATCH = YES;
				"CODE_SIGN_IDENTITY[sdk=iphoneos*]" = "iPhone Developer";
				COPY_PHASE_STRIP = NO;
				CURRENT_PROJECT_VERSION = 1;
				DEBUG_INFORMATION_FORMAT = "dwarf-with-dsym";
				ENABLE_NS_ASSERTIONS = NO;
				ENABLE_STRICT_OBJC_MSGSEND = YES;
				GCC_C_LANGUAGE_STANDARD = gnu99;
				GCC_NO_COMMON_BLOCKS = YES;
				GCC_WARN_64_TO_32_BIT_CONVERSION = YES;
				GCC_WARN_ABOUT_RETURN_TYPE = YES_ERROR;
				GCC_WARN_UNDECLARED_SELECTOR = YES;
				GCC_WARN_UNINITIALIZED_AUTOS = YES_AGGRESSIVE;
				GCC_WARN_UNUSED_FUNCTION = YES;
				GCC_WARN_UNUSED_VARIABLE = YES;
				IPHONEOS_DEPLOYMENT_TARGET = 9.3;
				MTL_ENABLE_DEBUG_INFO = NO;
				SDKROOT = iphoneos;
				TARGETED_DEVICE_FAMILY = "1,2";
				VALIDATE_PRODUCT = YES;
				VERSIONING_SYSTEM = "apple-generic";
				VERSION_INFO_PREFIX = "";
			};
			name = Release;
		};
		18D0ADC01D20D3DC005C76E0 /* Debug */ = {
			isa = XCBuildConfiguration;
			buildSettings = {
				CLANG_ENABLE_MODULES = YES;
				DEFINES_MODULE = YES;
				DYLIB_COMPATIBILITY_VERSION = 1;
				DYLIB_CURRENT_VERSION = 1;
				DYLIB_INSTALL_NAME_BASE = "@rpath";
				FRAMEWORK_SEARCH_PATHS = "${SRCROOT}/../Carthage/Build/iOS";
				INFOPLIST_FILE = NAlamofire/Info.plist;
				INSTALL_PATH = "$(LOCAL_LIBRARY_DIR)/Frameworks";
				LD_RUNPATH_SEARCH_PATHS = "$(inherited) @executable_path/Frameworks @loader_path/Frameworks";
				PRODUCT_BUNDLE_IDENTIFIER = com.cornerteam.NAlamofire;
				PRODUCT_NAME = "$(TARGET_NAME)";
				SKIP_INSTALL = YES;
				SWIFT_OPTIMIZATION_LEVEL = "-Onone";
			};
			name = Debug;
		};
		18D0ADC11D20D3DC005C76E0 /* Release */ = {
			isa = XCBuildConfiguration;
			buildSettings = {
				CLANG_ENABLE_MODULES = YES;
				DEFINES_MODULE = YES;
				DYLIB_COMPATIBILITY_VERSION = 1;
				DYLIB_CURRENT_VERSION = 1;
				DYLIB_INSTALL_NAME_BASE = "@rpath";
				FRAMEWORK_SEARCH_PATHS = "${SRCROOT}/../Carthage/Build/iOS";
				INFOPLIST_FILE = NAlamofire/Info.plist;
				INSTALL_PATH = "$(LOCAL_LIBRARY_DIR)/Frameworks";
				LD_RUNPATH_SEARCH_PATHS = "$(inherited) @executable_path/Frameworks @loader_path/Frameworks";
				PRODUCT_BUNDLE_IDENTIFIER = com.cornerteam.NAlamofire;
				PRODUCT_NAME = "$(TARGET_NAME)";
				SKIP_INSTALL = YES;
			};
			name = Release;
		};
		18D0ADC31D20D3DC005C76E0 /* Debug */ = {
			isa = XCBuildConfiguration;
			buildSettings = {
				INFOPLIST_FILE = NAlamofireTests/Info.plist;
				LD_RUNPATH_SEARCH_PATHS = "$(inherited) @executable_path/Frameworks @loader_path/Frameworks";
				PRODUCT_BUNDLE_IDENTIFIER = com.cornerteam.NAlamofireTests;
				PRODUCT_NAME = "$(TARGET_NAME)";
			};
			name = Debug;
		};
		18D0ADC41D20D3DC005C76E0 /* Release */ = {
			isa = XCBuildConfiguration;
			buildSettings = {
				INFOPLIST_FILE = NAlamofireTests/Info.plist;
				LD_RUNPATH_SEARCH_PATHS = "$(inherited) @executable_path/Frameworks @loader_path/Frameworks";
				PRODUCT_BUNDLE_IDENTIFIER = com.cornerteam.NAlamofireTests;
				PRODUCT_NAME = "$(TARGET_NAME)";
			};
			name = Release;
		};
/* End XCBuildConfiguration section */

/* Begin XCConfigurationList section */
		18D0ADA51D20D3DC005C76E0 /* Build configuration list for PBXProject "NAlamofire" */ = {
			isa = XCConfigurationList;
			buildConfigurations = (
				18D0ADBD1D20D3DC005C76E0 /* Debug */,
				18D0ADBE1D20D3DC005C76E0 /* Release */,
			);
			defaultConfigurationIsVisible = 0;
			defaultConfigurationName = Release;
		};
		18D0ADBF1D20D3DC005C76E0 /* Build configuration list for PBXNativeTarget "NAlamofire" */ = {
			isa = XCConfigurationList;
			buildConfigurations = (
				18D0ADC01D20D3DC005C76E0 /* Debug */,
				18D0ADC11D20D3DC005C76E0 /* Release */,
			);
			defaultConfigurationIsVisible = 0;
			defaultConfigurationName = Release;
		};
		18D0ADC21D20D3DC005C76E0 /* Build configuration list for PBXNativeTarget "NAlamofireTests" */ = {
			isa = XCConfigurationList;
			buildConfigurations = (
				18D0ADC31D20D3DC005C76E0 /* Debug */,
				18D0ADC41D20D3DC005C76E0 /* Release */,
			);
			defaultConfigurationIsVisible = 0;
			defaultConfigurationName = Release;
		};
/* End XCConfigurationList section */
	};
	rootObject = 18D0ADA21D20D3DC005C76E0 /* Project object */;
}
