// !$*UTF8*$!
{
	archiveVersion = 1;
	classes = {
	};
	objectVersion = 46;
	objects = {

/* Begin PBXBuildFile section */
		18D0AD741D20D3C0005C76E0 /* AppDelegate.swift in Sources */ = {isa = PBXBuildFile; fileRef = 18D0AD731D20D3C0005C76E0 /* AppDelegate.swift */; };
		18D0AD761D20D3C0005C76E0 /* ViewController.swift in Sources */ = {isa = PBXBuildFile; fileRef = 18D0AD751D20D3C0005C76E0 /* ViewController.swift */; };
		18D0AD791D20D3C0005C76E0 /* Main.storyboard in Resources */ = {isa = PBXBuildFile; fileRef = 18D0AD771D20D3C0005C76E0 /* Main.storyboard */; };
		18D0AD7B1D20D3C0005C76E0 /* Assets.xcassets in Resources */ = {isa = PBXBuildFile; fileRef = 18D0AD7A1D20D3C0005C76E0 /* Assets.xcassets */; };
		18D0AD7E1D20D3C0005C76E0 /* LaunchScreen.storyboard in Resources */ = {isa = PBXBuildFile; fileRef = 18D0AD7C1D20D3C0005C76E0 /* LaunchScreen.storyboard */; };
		18D0AD891D20D3C0005C76E0 /* NAlamofireDemoTests.swift in Sources */ = {isa = PBXBuildFile; fileRef = 18D0AD881D20D3C0005C76E0 /* NAlamofireDemoTests.swift */; };
		18D0AD941D20D3C0005C76E0 /* NAlamofireDemoUITests.swift in Sources */ = {isa = PBXBuildFile; fileRef = 18D0AD931D20D3C0005C76E0 /* NAlamofireDemoUITests.swift */; };
/* End PBXBuildFile section */

/* Begin PBXContainerItemProxy section */
		18D0AD851D20D3C0005C76E0 /* PBXContainerItemProxy */ = {
			isa = PBXContainerItemProxy;
			containerPortal = 18D0AD681D20D3C0005C76E0 /* Project object */;
			proxyType = 1;
			remoteGlobalIDString = 18D0AD6F1D20D3C0005C76E0;
			remoteInfo = NAlamofireDemo;
		};
		18D0AD901D20D3C0005C76E0 /* PBXContainerItemProxy */ = {
			isa = PBXContainerItemProxy;
			containerPortal = 18D0AD681D20D3C0005C76E0 /* Project object */;
			proxyType = 1;
			remoteGlobalIDString = 18D0AD6F1D20D3C0005C76E0;
			remoteInfo = NAlamofireDemo;
		};
/* End PBXContainerItemProxy section */

/* Begin PBXFileReference section */
		18D0AD701D20D3C0005C76E0 /* NAlamofireDemo.app */ = {isa = PBXFileReference; explicitFileType = wrapper.application; includeInIndex = 0; path = NAlamofireDemo.app; sourceTree = BUILT_PRODUCTS_DIR; };
		18D0AD731D20D3C0005C76E0 /* AppDelegate.swift */ = {isa = PBXFileReference; lastKnownFileType = sourcecode.swift; path = AppDelegate.swift; sourceTree = "<group>"; };
		18D0AD751D20D3C0005C76E0 /* ViewController.swift */ = {isa = PBXFileReference; lastKnownFileType = sourcecode.swift; path = ViewController.swift; sourceTree = "<group>"; };
		18D0AD781D20D3C0005C76E0 /* Base */ = {isa = PBXFileReference; lastKnownFileType = file.storyboard; name = Base; path = Base.lproj/Main.storyboard; sourceTree = "<group>"; };
		18D0AD7A1D20D3C0005C76E0 /* Assets.xcassets */ = {isa = PBXFileReference; lastKnownFileType = folder.assetcatalog; path = Assets.xcassets; sourceTree = "<group>"; };
		18D0AD7D1D20D3C0005C76E0 /* Base */ = {isa = PBXFileReference; lastKnownFileType = file.storyboard; name = Base; path = Base.lproj/LaunchScreen.storyboard; sourceTree = "<group>"; };
		18D0AD7F1D20D3C0005C76E0 /* Info.plist */ = {isa = PBXFileReference; lastKnownFileType = text.plist.xml; path = Info.plist; sourceTree = "<group>"; };
		18D0AD841D20D3C0005C76E0 /* NAlamofireDemoTests.xctest */ = {isa = PBXFileReference; explicitFileType = wrapper.cfbundle; includeInIndex = 0; path = NAlamofireDemoTests.xctest; sourceTree = BUILT_PRODUCTS_DIR; };
		18D0AD881D20D3C0005C76E0 /* NAlamofireDemoTests.swift */ = {isa = PBXFileReference; lastKnownFileType = sourcecode.swift; path = NAlamofireDemoTests.swift; sourceTree = "<group>"; };
		18D0AD8A1D20D3C0005C76E0 /* Info.plist */ = {isa = PBXFileReference; lastKnownFileType = text.plist.xml; path = Info.plist; sourceTree = "<group>"; };
		18D0AD8F1D20D3C0005C76E0 /* NAlamofireDemoUITests.xctest */ = {isa = PBXFileReference; explicitFileType = wrapper.cfbundle; includeInIndex = 0; path = NAlamofireDemoUITests.xctest; sourceTree = BUILT_PRODUCTS_DIR; };
		18D0AD931D20D3C0005C76E0 /* NAlamofireDemoUITests.swift */ = {isa = PBXFileReference; lastKnownFileType = sourcecode.swift; path = NAlamofireDemoUITests.swift; sourceTree = "<group>"; };
		18D0AD951D20D3C0005C76E0 /* Info.plist */ = {isa = PBXFileReference; lastKnownFileType = text.plist.xml; path = Info.plist; sourceTree = "<group>"; };
/* End PBXFileReference section */

/* Begin PBXFrameworksBuildPhase section */
		18D0AD6D1D20D3C0005C76E0 /* Frameworks */ = {
			isa = PBXFrameworksBuildPhase;
			buildActionMask = 2147483647;
			files = (
			);
			runOnlyForDeploymentPostprocessing = 0;
		};
		18D0AD811D20D3C0005C76E0 /* Frameworks */ = {
			isa = PBXFrameworksBuildPhase;
			buildActionMask = 2147483647;
			files = (
			);
			runOnlyForDeploymentPostprocessing = 0;
		};
		18D0AD8C1D20D3C0005C76E0 /* Frameworks */ = {
			isa = PBXFrameworksBuildPhase;
			buildActionMask = 2147483647;
			files = (
			);
			runOnlyForDeploymentPostprocessing = 0;
		};
/* End PBXFrameworksBuildPhase section */

/* Begin PBXGroup section */
		18D0AD671D20D3C0005C76E0 = {
			isa = PBXGroup;
			children = (
				18D0AD721D20D3C0005C76E0 /* NAlamofireDemo */,
				18D0AD871D20D3C0005C76E0 /* NAlamofireDemoTests */,
				18D0AD921D20D3C0005C76E0 /* NAlamofireDemoUITests */,
				18D0AD711D20D3C0005C76E0 /* Products */,
			);
			sourceTree = "<group>";
		};
		18D0AD711D20D3C0005C76E0 /* Products */ = {
			isa = PBXGroup;
			children = (
				18D0AD701D20D3C0005C76E0 /* NAlamofireDemo.app */,
				18D0AD841D20D3C0005C76E0 /* NAlamofireDemoTests.xctest */,
				18D0AD8F1D20D3C0005C76E0 /* NAlamofireDemoUITests.xctest */,
			);
			name = Products;
			sourceTree = "<group>";
		};
		18D0AD721D20D3C0005C76E0 /* NAlamofireDemo */ = {
			isa = PBXGroup;
			children = (
				18D0AD731D20D3C0005C76E0 /* AppDelegate.swift */,
				18D0AD751D20D3C0005C76E0 /* ViewController.swift */,
				18D0AD771D20D3C0005C76E0 /* Main.storyboard */,
				18D0AD7A1D20D3C0005C76E0 /* Assets.xcassets */,
				18D0AD7C1D20D3C0005C76E0 /* LaunchScreen.storyboard */,
				18D0AD7F1D20D3C0005C76E0 /* Info.plist */,
			);
			path = NAlamofireDemo;
			sourceTree = "<group>";
		};
		18D0AD871D20D3C0005C76E0 /* NAlamofireDemoTests */ = {
			isa = PBXGroup;
			children = (
				18D0AD881D20D3C0005C76E0 /* NAlamofireDemoTests.swift */,
				18D0AD8A1D20D3C0005C76E0 /* Info.plist */,
			);
			path = NAlamofireDemoTests;
			sourceTree = "<group>";
		};
		18D0AD921D20D3C0005C76E0 /* NAlamofireDemoUITests */ = {
			isa = PBXGroup;
			children = (
				18D0AD931D20D3C0005C76E0 /* NAlamofireDemoUITests.swift */,
				18D0AD951D20D3C0005C76E0 /* Info.plist */,
			);
			path = NAlamofireDemoUITests;
			sourceTree = "<group>";
		};
/* End PBXGroup section */

/* Begin PBXNativeTarget section */
		18D0AD6F1D20D3C0005C76E0 /* NAlamofireDemo */ = {
			isa = PBXNativeTarget;
			buildConfigurationList = 18D0AD981D20D3C0005C76E0 /* Build configuration list for PBXNativeTarget "NAlamofireDemo" */;
			buildPhases = (
				18D0AD6C1D20D3C0005C76E0 /* Sources */,
				18D0AD6D1D20D3C0005C76E0 /* Frameworks */,
				18D0AD6E1D20D3C0005C76E0 /* Resources */,
			);
			buildRules = (
			);
			dependencies = (
			);
			name = NAlamofireDemo;
			productName = NAlamofireDemo;
			productReference = 18D0AD701D20D3C0005C76E0 /* NAlamofireDemo.app */;
			productType = "com.apple.product-type.application";
		};
		18D0AD831D20D3C0005C76E0 /* NAlamofireDemoTests */ = {
			isa = PBXNativeTarget;
			buildConfigurationList = 18D0AD9B1D20D3C0005C76E0 /* Build configuration list for PBXNativeTarget "NAlamofireDemoTests" */;
			buildPhases = (
				18D0AD801D20D3C0005C76E0 /* Sources */,
				18D0AD811D20D3C0005C76E0 /* Frameworks */,
				18D0AD821D20D3C0005C76E0 /* Resources */,
			);
			buildRules = (
			);
			dependencies = (
				18D0AD861D20D3C0005C76E0 /* PBXTargetDependency */,
			);
			name = NAlamofireDemoTests;
			productName = NAlamofireDemoTests;
			productReference = 18D0AD841D20D3C0005C76E0 /* NAlamofireDemoTests.xctest */;
			productType = "com.apple.product-type.bundle.unit-test";
		};
		18D0AD8E1D20D3C0005C76E0 /* NAlamofireDemoUITests */ = {
			isa = PBXNativeTarget;
			buildConfigurationList = 18D0AD9E1D20D3C0005C76E0 /* Build configuration list for PBXNativeTarget "NAlamofireDemoUITests" */;
			buildPhases = (
				18D0AD8B1D20D3C0005C76E0 /* Sources */,
				18D0AD8C1D20D3C0005C76E0 /* Frameworks */,
				18D0AD8D1D20D3C0005C76E0 /* Resources */,
			);
			buildRules = (
			);
			dependencies = (
				18D0AD911D20D3C0005C76E0 /* PBXTargetDependency */,
			);
			name = NAlamofireDemoUITests;
			productName = NAlamofireDemoUITests;
			productReference = 18D0AD8F1D20D3C0005C76E0 /* NAlamofireDemoUITests.xctest */;
			productType = "com.apple.product-type.bundle.ui-testing";
		};
/* End PBXNativeTarget section */

/* Begin PBXProject section */
		18D0AD681D20D3C0005C76E0 /* Project object */ = {
			isa = PBXProject;
			attributes = {
				LastSwiftUpdateCheck = 0730;
				LastUpgradeCheck = 0730;
				ORGANIZATIONNAME = "Nghia Nguyen";
				TargetAttributes = {
					18D0AD6F1D20D3C0005C76E0 = {
						CreatedOnToolsVersion = 7.3.1;
					};
					18D0AD831D20D3C0005C76E0 = {
						CreatedOnToolsVersion = 7.3.1;
						TestTargetID = 18D0AD6F1D20D3C0005C76E0;
					};
					18D0AD8E1D20D3C0005C76E0 = {
						CreatedOnToolsVersion = 7.3.1;
						TestTargetID = 18D0AD6F1D20D3C0005C76E0;
					};
				};
			};
			buildConfigurationList = 18D0AD6B1D20D3C0005C76E0 /* Build configuration list for PBXProject "NAlamofireDemo" */;
			compatibilityVersion = "Xcode 3.2";
			developmentRegion = English;
			hasScannedForEncodings = 0;
			knownRegions = (
				en,
				Base,
			);
			mainGroup = 18D0AD671D20D3C0005C76E0;
			productRefGroup = 18D0AD711D20D3C0005C76E0 /* Products */;
			projectDirPath = "";
			projectRoot = "";
			targets = (
				18D0AD6F1D20D3C0005C76E0 /* NAlamofireDemo */,
				18D0AD831D20D3C0005C76E0 /* NAlamofireDemoTests */,
				18D0AD8E1D20D3C0005C76E0 /* NAlamofireDemoUITests */,
			);
		};
/* End PBXProject section */

/* Begin PBXResourcesBuildPhase section */
		18D0AD6E1D20D3C0005C76E0 /* Resources */ = {
			isa = PBXResourcesBuildPhase;
			buildActionMask = 2147483647;
			files = (
				18D0AD7E1D20D3C0005C76E0 /* LaunchScreen.storyboard in Resources */,
				18D0AD7B1D20D3C0005C76E0 /* Assets.xcassets in Resources */,
				18D0AD791D20D3C0005C76E0 /* Main.storyboard in Resources */,
			);
			runOnlyForDeploymentPostprocessing = 0;
		};
		18D0AD821D20D3C0005C76E0 /* Resources */ = {
			isa = PBXResourcesBuildPhase;
			buildActionMask = 2147483647;
			files = (
			);
			runOnlyForDeploymentPostprocessing = 0;
		};
		18D0AD8D1D20D3C0005C76E0 /* Resources */ = {
			isa = PBXResourcesBuildPhase;
			buildActionMask = 2147483647;
			files = (
			);
			runOnlyForDeploymentPostprocessing = 0;
		};
/* End PBXResourcesBuildPhase section */

/* Begin PBXSourcesBuildPhase section */
		18D0AD6C1D20D3C0005C76E0 /* Sources */ = {
			isa = PBXSourcesBuildPhase;
			buildActionMask = 2147483647;
			files = (
				18D0AD761D20D3C0005C76E0 /* ViewController.swift in Sources */,
				18D0AD741D20D3C0005C76E0 /* AppDelegate.swift in Sources */,
			);
			runOnlyForDeploymentPostprocessing = 0;
		};
		18D0AD801D20D3C0005C76E0 /* Sources */ = {
			isa = PBXSourcesBuildPhase;
			buildActionMask = 2147483647;
			files = (
				18D0AD891D20D3C0005C76E0 /* NAlamofireDemoTests.swift in Sources */,
			);
			runOnlyForDeploymentPostprocessing = 0;
		};
		18D0AD8B1D20D3C0005C76E0 /* Sources */ = {
			isa = PBXSourcesBuildPhase;
			buildActionMask = 2147483647;
			files = (
				18D0AD941D20D3C0005C76E0 /* NAlamofireDemoUITests.swift in Sources */,
			);
			runOnlyForDeploymentPostprocessing = 0;
		};
/* End PBXSourcesBuildPhase section */

/* Begin PBXTargetDependency section */
		18D0AD861D20D3C0005C76E0 /* PBXTargetDependency */ = {
			isa = PBXTargetDependency;
			target = 18D0AD6F1D20D3C0005C76E0 /* NAlamofireDemo */;
			targetProxy = 18D0AD851D20D3C0005C76E0 /* PBXContainerItemProxy */;
		};
		18D0AD911D20D3C0005C76E0 /* PBXTargetDependency */ = {
			isa = PBXTargetDependency;
			target = 18D0AD6F1D20D3C0005C76E0 /* NAlamofireDemo */;
			targetProxy = 18D0AD901D20D3C0005C76E0 /* PBXContainerItemProxy */;
		};
/* End PBXTargetDependency section */

/* Begin PBXVariantGroup section */
		18D0AD771D20D3C0005C76E0 /* Main.storyboard */ = {
			isa = PBXVariantGroup;
			children = (
				18D0AD781D20D3C0005C76E0 /* Base */,
			);
			name = Main.storyboard;
			sourceTree = "<group>";
		};
		18D0AD7C1D20D3C0005C76E0 /* LaunchScreen.storyboard */ = {
			isa = PBXVariantGroup;
			children = (
				18D0AD7D1D20D3C0005C76E0 /* Base */,
			);
			name = LaunchScreen.storyboard;
			sourceTree = "<group>";
		};
/* End PBXVariantGroup section */

/* Begin XCBuildConfiguration section */
		18D0AD961D20D3C0005C76E0 /* Debug */ = {
			isa = XCBuildConfiguration;
			buildSettings = {
				ALWAYS_SEARCH_USER_PATHS = NO;
				CLANG_ANALYZER_NONNULL = YES;
				CLANG_CXX_LANGUAGE_STANDARD = "gnu++0x";
				CLANG_CXX_LIBRARY = "libc++";
				CLANG_ENABLE_MODULES = YES;
				CLANG_ENABLE_OBJC_ARC = YES;
				CLANG_WARN_BOOL_CONVERSION = YES;
				CLANG_WARN_CONSTANT_CONVERSION = YES;
				CLANG_WARN_DIRECT_OBJC_ISA_USAGE = YES_ERROR;
				CLANG_WARN_EMPTY_BODY = YES;
				CLANG_WARN_ENUM_CONVERSION = YES;
				CLANG_WARN_INT_CONVERSION = YES;
				CLANG_WARN_OBJC_ROOT_CLASS = YES_ERROR;
				CLANG_WARN_UNREACHABLE_CODE = YES;
				CLANG_WARN__DUPLICATE_METHOD_MATCH = YES;
				"CODE_SIGN_IDENTITY[sdk=iphoneos*]" = "iPhone Developer";
				COPY_PHASE_STRIP = NO;
				DEBUG_INFORMATION_FORMAT = dwarf;
				ENABLE_STRICT_OBJC_MSGSEND = YES;
				ENABLE_TESTABILITY = YES;
				GCC_C_LANGUAGE_STANDARD = gnu99;
				GCC_DYNAMIC_NO_PIC = NO;
				GCC_NO_COMMON_BLOCKS = YES;
				GCC_OPTIMIZATION_LEVEL = 0;
				GCC_PREPROCESSOR_DEFINITIONS = (
					"DEBUG=1",
					"$(inherited)",
				);
				GCC_WARN_64_TO_32_BIT_CONVERSION = YES;
				GCC_WARN_ABOUT_RETURN_TYPE = YES_ERROR;
				GCC_WARN_UNDECLARED_SELECTOR = YES;
				GCC_WARN_UNINITIALIZED_AUTOS = YES_AGGRESSIVE;
				GCC_WARN_UNUSED_FUNCTION = YES;
				GCC_WARN_UNUSED_VARIABLE = YES;
				IPHONEOS_DEPLOYMENT_TARGET = 9.3;
				MTL_ENABLE_DEBUG_INFO = YES;
				ONLY_ACTIVE_ARCH = YES;
				SDKROOT = iphoneos;
				SWIFT_OPTIMIZATION_LEVEL = "-Onone";
				TARGETED_DEVICE_FAMILY = "1,2";
			};
			name = Debug;
		};
		18D0AD971D20D3C0005C76E0 /* Release */ = {
			isa = XCBuildConfiguration;
			buildSettings = {
				ALWAYS_SEARCH_USER_PATHS = NO;
				CLANG_ANALYZER_NONNULL = YES;
				CLANG_CXX_LANGUAGE_STANDARD = "gnu++0x";
				CLANG_CXX_LIBRARY = "libc++";
				CLANG_ENABLE_MODULES = YES;
				CLANG_ENABLE_OBJC_ARC = YES;
				CLANG_WARN_BOOL_CONVERSION = YES;
				CLANG_WARN_CONSTANT_CONVERSION = YES;
				CLANG_WARN_DIRECT_OBJC_ISA_USAGE = YES_ERROR;
				CLANG_WARN_EMPTY_BODY = YES;
				CLANG_WARN_ENUM_CONVERSION = YES;
				CLANG_WARN_INT_CONVERSION = YES;
				CLANG_WARN_OBJC_ROOT_CLASS = YES_ERROR;
				CLANG_WARN_UNREACHABLE_CODE = YES;
				CLANG_WARN__DUPLICATE_METHOD_MATCH = YES;
				"CODE_SIGN_IDENTITY[sdk=iphoneos*]" = "iPhone Developer";
				COPY_PHASE_STRIP = NO;
				DEBUG_INFORMATION_FORMAT = "dwarf-with-dsym";
				ENABLE_NS_ASSERTIONS = NO;
				ENABLE_STRICT_OBJC_MSGSEND = YES;
				GCC_C_LANGUAGE_STANDARD = gnu99;
				GCC_NO_COMMON_BLOCKS = YES;
				GCC_WARN_64_TO_32_BIT_CONVERSION = YES;
				GCC_WARN_ABOUT_RETURN_TYPE = YES_ERROR;
				GCC_WARN_UNDECLARED_SELECTOR = YES;
				GCC_WARN_UNINITIALIZED_AUTOS = YES_AGGRESSIVE;
				GCC_WARN_UNUSED_FUNCTION = YES;
				GCC_WARN_UNUSED_VARIABLE = YES;
				IPHONEOS_DEPLOYMENT_TARGET = 9.3;
				MTL_ENABLE_DEBUG_INFO = NO;
				SDKROOT = iphoneos;
				TARGETED_DEVICE_FAMILY = "1,2";
				VALIDATE_PRODUCT = YES;
			};
			name = Release;
		};
		18D0AD991D20D3C0005C76E0 /* Debug */ = {
			isa = XCBuildConfiguration;
			buildSettings = {
				ASSETCATALOG_COMPILER_APPICON_NAME = AppIcon;
				FRAMEWORK_SEARCH_PATHS = "${SRCROOT}/../Carthage/Build/iOS";
				INFOPLIST_FILE = NAlamofireDemo/Info.plist;
				LD_RUNPATH_SEARCH_PATHS = "$(inherited) @executable_path/Frameworks";
				PRODUCT_BUNDLE_IDENTIFIER = com.cornerteam.NAlamofireDemo;
				PRODUCT_NAME = "$(TARGET_NAME)";
			};
			name = Debug;
		};
		18D0AD9A1D20D3C0005C76E0 /* Release */ = {
			isa = XCBuildConfiguration;
			buildSettings = {
				ASSETCATALOG_COMPILER_APPICON_NAME = AppIcon;
				FRAMEWORK_SEARCH_PATHS = "${SRCROOT}/../Carthage/Build/iOS";
				INFOPLIST_FILE = NAlamofireDemo/Info.plist;
				LD_RUNPATH_SEARCH_PATHS = "$(inherited) @executable_path/Frameworks";
				PRODUCT_BUNDLE_IDENTIFIER = com.cornerteam.NAlamofireDemo;
				PRODUCT_NAME = "$(TARGET_NAME)";
			};
			name = Release;
		};
		18D0AD9C1D20D3C0005C76E0 /* Debug */ = {
			isa = XCBuildConfiguration;
			buildSettings = {
				BUNDLE_LOADER = "$(TEST_HOST)";
				INFOPLIST_FILE = NAlamofireDemoTests/Info.plist;
				LD_RUNPATH_SEARCH_PATHS = "$(inherited) @executable_path/Frameworks @loader_path/Frameworks";
				PRODUCT_BUNDLE_IDENTIFIER = com.cornerteam.NAlamofireDemoTests;
				PRODUCT_NAME = "$(TARGET_NAME)";
				TEST_HOST = "$(BUILT_PRODUCTS_DIR)/NAlamofireDemo.app/NAlamofireDemo";
			};
			name = Debug;
		};
		18D0AD9D1D20D3C0005C76E0 /* Release */ = {
			isa = XCBuildConfiguration;
			buildSettings = {
				BUNDLE_LOADER = "$(TEST_HOST)";
				INFOPLIST_FILE = NAlamofireDemoTests/Info.plist;
				LD_RUNPATH_SEARCH_PATHS = "$(inherited) @executable_path/Frameworks @loader_path/Frameworks";
				PRODUCT_BUNDLE_IDENTIFIER = com.cornerteam.NAlamofireDemoTests;
				PRODUCT_NAME = "$(TARGET_NAME)";
				TEST_HOST = "$(BUILT_PRODUCTS_DIR)/NAlamofireDemo.app/NAlamofireDemo";
			};
			name = Release;
		};
		18D0AD9F1D20D3C0005C76E0 /* Debug */ = {
			isa = XCBuildConfiguration;
			buildSettings = {
				INFOPLIST_FILE = NAlamofireDemoUITests/Info.plist;
				LD_RUNPATH_SEARCH_PATHS = "$(inherited) @executable_path/Frameworks @loader_path/Frameworks";
				PRODUCT_BUNDLE_IDENTIFIER = com.cornerteam.NAlamofireDemoUITests;
				PRODUCT_NAME = "$(TARGET_NAME)";
				TEST_TARGET_NAME = NAlamofireDemo;
			};
			name = Debug;
		};
		18D0ADA01D20D3C0005C76E0 /* Release */ = {
			isa = XCBuildConfiguration;
			buildSettings = {
				INFOPLIST_FILE = NAlamofireDemoUITests/Info.plist;
				LD_RUNPATH_SEARCH_PATHS = "$(inherited) @executable_path/Frameworks @loader_path/Frameworks";
				PRODUCT_BUNDLE_IDENTIFIER = com.cornerteam.NAlamofireDemoUITests;
				PRODUCT_NAME = "$(TARGET_NAME)";
				TEST_TARGET_NAME = NAlamofireDemo;
			};
			name = Release;
		};
/* End XCBuildConfiguration section */

/* Begin XCConfigurationList section */
		18D0AD6B1D20D3C0005C76E0 /* Build configuration list for PBXProject "NAlamofireDemo" */ = {
			isa = XCConfigurationList;
			buildConfigurations = (
				18D0AD961D20D3C0005C76E0 /* Debug */,
				18D0AD971D20D3C0005C76E0 /* Release */,
			);
			defaultConfigurationIsVisible = 0;
			defaultConfigurationName = Release;
		};
		18D0AD981D20D3C0005C76E0 /* Build configuration list for PBXNativeTarget "NAlamofireDemo" */ = {
			isa = XCConfigurationList;
			buildConfigurations = (
				18D0AD991D20D3C0005C76E0 /* Debug */,
				18D0AD9A1D20D3C0005C76E0 /* Release */,
			);
			defaultConfigurationIsVisible = 0;
			defaultConfigurationName = Release;
		};
		18D0AD9B1D20D3C0005C76E0 /* Build configuration list for PBXNativeTarget "NAlamofireDemoTests" */ = {
			isa = XCConfigurationList;
			buildConfigurations = (
				18D0AD9C1D20D3C0005C76E0 /* Debug */,
				18D0AD9D1D20D3C0005C76E0 /* Release */,
			);
			defaultConfigurationIsVisible = 0;
			defaultConfigurationName = Release;
		};
		18D0AD9E1D20D3C0005C76E0 /* Build configuration list for PBXNativeTarget "NAlamofireDemoUITests" */ = {
			isa = XCConfigurationList;
			buildConfigurations = (
				18D0AD9F1D20D3C0005C76E0 /* Debug */,
				18D0ADA01D20D3C0005C76E0 /* Release */,
			);
			defaultConfigurationIsVisible = 0;
			defaultConfigurationName = Release;
		};
/* End XCConfigurationList section */
	};
	rootObject = 18D0AD681D20D3C0005C76E0 /* Project object */;
}
